# THIS IS AN AUTOGENERATED FILE. DO NOT EDIT THIS FILE DIRECTLY.
# yarn lockfile v1


"@babel/code-frame@^7.0.0", "@babel/code-frame@^7.0.0-beta.35":
  version "7.0.0"
  resolved "https://registry.yarnpkg.com/@babel/code-frame/-/code-frame-7.0.0.tgz#06e2ab19bdb535385559aabb5ba59729482800f8"
  integrity sha512-OfC2uemaknXr87bdLUkWog7nYuliM9Ij5HUcajsVcMCpQrcLmtxRbVFTIqmcSkSeYRBFBRxs2FiUqFJDLdiebA==
  dependencies:
    "@babel/highlight" "^7.0.0"

"@babel/core@^7.0.0":
  version "7.2.2"
  resolved "https://registry.yarnpkg.com/@babel/core/-/core-7.2.2.tgz#07adba6dde27bb5ad8d8672f15fde3e08184a687"
  integrity sha512-59vB0RWt09cAct5EIe58+NzGP4TFSD3Bz//2/ELy3ZeTeKF6VTD1AXlH8BGGbCX0PuobZBsIzO7IAI9PH67eKw==
  dependencies:
    "@babel/code-frame" "^7.0.0"
    "@babel/generator" "^7.2.2"
    "@babel/helpers" "^7.2.0"
    "@babel/parser" "^7.2.2"
    "@babel/template" "^7.2.2"
    "@babel/traverse" "^7.2.2"
    "@babel/types" "^7.2.2"
    convert-source-map "^1.1.0"
    debug "^4.1.0"
    json5 "^2.1.0"
    lodash "^4.17.10"
    resolve "^1.3.2"
    semver "^5.4.1"
    source-map "^0.5.0"

"@babel/generator@^7.2.2":
  version "7.2.2"
  resolved "https://registry.yarnpkg.com/@babel/generator/-/generator-7.2.2.tgz#18c816c70962640eab42fe8cae5f3947a5c65ccc"
  integrity sha512-I4o675J/iS8k+P38dvJ3IBGqObLXyQLTxtrR4u9cSUJOURvafeEWb/pFMOTwtNrmq73mJzyF6ueTbO1BtN0Zeg==
  dependencies:
    "@babel/types" "^7.2.2"
    jsesc "^2.5.1"
    lodash "^4.17.10"
    source-map "^0.5.0"
    trim-right "^1.0.1"

"@babel/helper-annotate-as-pure@^7.0.0":
  version "7.0.0"
  resolved "https://registry.yarnpkg.com/@babel/helper-annotate-as-pure/-/helper-annotate-as-pure-7.0.0.tgz#323d39dd0b50e10c7c06ca7d7638e6864d8c5c32"
  integrity sha512-3UYcJUj9kvSLbLbUIfQTqzcy5VX7GRZ/CCDrnOaZorFFM01aXp1+GJwuFGV4NDDoAS+mOUyHcO6UD/RfqOks3Q==
  dependencies:
    "@babel/types" "^7.0.0"

"@babel/helper-builder-binary-assignment-operator-visitor@^7.1.0":
  version "7.1.0"
  resolved "https://registry.yarnpkg.com/@babel/helper-builder-binary-assignment-operator-visitor/-/helper-builder-binary-assignment-operator-visitor-7.1.0.tgz#6b69628dfe4087798e0c4ed98e3d4a6b2fbd2f5f"
  integrity sha512-qNSR4jrmJ8M1VMM9tibvyRAHXQs2PmaksQF7c1CGJNipfe3D8p+wgNwgso/P2A2r2mdgBWAXljNWR0QRZAMW8w==
  dependencies:
    "@babel/helper-explode-assignable-expression" "^7.1.0"
    "@babel/types" "^7.0.0"

"@babel/helper-call-delegate@^7.1.0":
  version "7.1.0"
  resolved "https://registry.yarnpkg.com/@babel/helper-call-delegate/-/helper-call-delegate-7.1.0.tgz#6a957f105f37755e8645343d3038a22e1449cc4a"
  integrity sha512-YEtYZrw3GUK6emQHKthltKNZwszBcHK58Ygcis+gVUrF4/FmTVr5CCqQNSfmvg2y+YDEANyYoaLz/SHsnusCwQ==
  dependencies:
    "@babel/helper-hoist-variables" "^7.0.0"
    "@babel/traverse" "^7.1.0"
    "@babel/types" "^7.0.0"

"@babel/helper-create-class-features-plugin@^7.2.3":
  version "7.2.3"
  resolved "https://registry.yarnpkg.com/@babel/helper-create-class-features-plugin/-/helper-create-class-features-plugin-7.2.3.tgz#f6e719abb90cb7f4a69591e35fd5eb89047c4a7c"
  integrity sha512-xO/3Gn+2C7/eOUeb0VRnSP1+yvWHNxlpAot1eMhtoKDCN7POsyQP5excuT5UsV5daHxMWBeIIOeI5cmB8vMRgQ==
  dependencies:
    "@babel/helper-function-name" "^7.1.0"
    "@babel/helper-member-expression-to-functions" "^7.0.0"
    "@babel/helper-optimise-call-expression" "^7.0.0"
    "@babel/helper-plugin-utils" "^7.0.0"
    "@babel/helper-replace-supers" "^7.2.3"

"@babel/helper-define-map@^7.1.0":
  version "7.1.0"
  resolved "https://registry.yarnpkg.com/@babel/helper-define-map/-/helper-define-map-7.1.0.tgz#3b74caec329b3c80c116290887c0dd9ae468c20c"
  integrity sha512-yPPcW8dc3gZLN+U1mhYV91QU3n5uTbx7DUdf8NnPbjS0RMwBuHi9Xt2MUgppmNz7CJxTBWsGczTiEp1CSOTPRg==
  dependencies:
    "@babel/helper-function-name" "^7.1.0"
    "@babel/types" "^7.0.0"
    lodash "^4.17.10"

"@babel/helper-explode-assignable-expression@^7.1.0":
  version "7.1.0"
  resolved "https://registry.yarnpkg.com/@babel/helper-explode-assignable-expression/-/helper-explode-assignable-expression-7.1.0.tgz#537fa13f6f1674df745b0c00ec8fe4e99681c8f6"
  integrity sha512-NRQpfHrJ1msCHtKjbzs9YcMmJZOg6mQMmGRB+hbamEdG5PNpaSm95275VD92DvJKuyl0s2sFiDmMZ+EnnvufqA==
  dependencies:
    "@babel/traverse" "^7.1.0"
    "@babel/types" "^7.0.0"

"@babel/helper-function-name@^7.1.0":
  version "7.1.0"
  resolved "https://registry.yarnpkg.com/@babel/helper-function-name/-/helper-function-name-7.1.0.tgz#a0ceb01685f73355d4360c1247f582bfafc8ff53"
  integrity sha512-A95XEoCpb3TO+KZzJ4S/5uW5fNe26DjBGqf1o9ucyLyCmi1dXq/B3c8iaWTfBk3VvetUxl16e8tIrd5teOCfGw==
  dependencies:
    "@babel/helper-get-function-arity" "^7.0.0"
    "@babel/template" "^7.1.0"
    "@babel/types" "^7.0.0"

"@babel/helper-get-function-arity@^7.0.0":
  version "7.0.0"
  resolved "https://registry.yarnpkg.com/@babel/helper-get-function-arity/-/helper-get-function-arity-7.0.0.tgz#83572d4320e2a4657263734113c42868b64e49c3"
  integrity sha512-r2DbJeg4svYvt3HOS74U4eWKsUAMRH01Z1ds1zx8KNTPtpTL5JAsdFv8BNyOpVqdFhHkkRDIg5B4AsxmkjAlmQ==
  dependencies:
    "@babel/types" "^7.0.0"

"@babel/helper-hoist-variables@^7.0.0":
  version "7.0.0"
  resolved "https://registry.yarnpkg.com/@babel/helper-hoist-variables/-/helper-hoist-variables-7.0.0.tgz#46adc4c5e758645ae7a45deb92bab0918c23bb88"
  integrity sha512-Ggv5sldXUeSKsuzLkddtyhyHe2YantsxWKNi7A+7LeD12ExRDWTRk29JCXpaHPAbMaIPZSil7n+lq78WY2VY7w==
  dependencies:
    "@babel/types" "^7.0.0"

"@babel/helper-member-expression-to-functions@^7.0.0":
  version "7.0.0"
  resolved "https://registry.yarnpkg.com/@babel/helper-member-expression-to-functions/-/helper-member-expression-to-functions-7.0.0.tgz#8cd14b0a0df7ff00f009e7d7a436945f47c7a16f"
  integrity sha512-avo+lm/QmZlv27Zsi0xEor2fKcqWG56D5ae9dzklpIaY7cQMK5N8VSpaNVPPagiqmy7LrEjK1IWdGMOqPu5csg==
  dependencies:
    "@babel/types" "^7.0.0"

"@babel/helper-module-imports@^7.0.0":
  version "7.0.0"
  resolved "https://registry.yarnpkg.com/@babel/helper-module-imports/-/helper-module